
Microsoft Visual Studio Solution File, Format Version 12.00
# Visual Studio Version 16
VisualStudioVersion = 16.0.31515.178
MinimumVisualStudioVersion = 10.0.40219.1
Project("{9A19103F-16F7-4668-BE54-9A1E7A4F7556}") = "PonzianiComponents", "PonzianiComponents\PonzianiComponents.csproj", "{9F07A870-54FC-4CCA-860B-582D150620E9}"
EndProject
Project("{9A19103F-16F7-4668-BE54-9A1E7A4F7556}") = "PonzianiDemo", "PonzianiDemo\PonzianiDemo.csproj", "{372C704D-6622-4B62-BE16-E97D9DD3AE80}"
EndProject
Project("{FAE04EC0-301F-11D3-BF4B-00C04F79EFBC}") = "PonzianiComponentsTest", "PonzianiComponentsTest\PonzianiComponentsTest.csproj", "{2B304448-FFFE-43C3-866F-23E3563399B9}"
EndProject
Global
	GlobalSection(SolutionConfigurationPlatforms) = preSolution
		Debug|Any CPU = Debug|Any CPU
		Release|Any CPU = Release|Any CPU
	EndGlobalSection
	GlobalSection(ProjectConfigurationPlatforms) = postSolution
		{9F07A870-54FC-4CCA-860B-582D150620E9}.Debug|Any CPU.ActiveCfg = Debug|Any CPU
		{9F07A870-54FC-4CCA-860B-582D150620E9}.Debug|Any CPU.Build.0 = Debug|Any CPU
		{9F07A870-54FC-4CCA-860B-582D150620E9}.Release|Any CPU.ActiveCfg = Release|Any CPU
		{9F07A870-54FC-4CCA-860B-582D150620E9}.Release|Any CPU.Build.0 = Release|Any CPU
		{372C704D-6622-4B62-BE16-E97D9DD3AE80}.Debug|Any CPU.ActiveCfg = Debug|Any CPU
		{372C704D-6622-4B62-BE16-E97D9DD3AE80}.Debug|Any CPU.Build.0 = Debug|Any CPU
		{372C704D-6622-4B62-BE16-E97D9DD3AE80}.Release|Any CPU.ActiveCfg = Release|Any CPU
		{372C704D-6622-4B62-BE16-E97D9DD3AE80}.Release|Any CPU.Build.0 = Release|Any CPU
		{2B304448-FFFE-43C3-866F-23E3563399B9}.Debug|Any CPU.ActiveCfg = Debug|Any CPU
		{2B304448-FFFE-43C3-866F-23E3563399B9}.Debug|Any CPU.Build.0 = Debug|Any CPU
		{2B304448-FFFE-43C3-866F-23E3563399B9}.Release|Any CPU.ActiveCfg = Release|Any CPU
		{2B304448-FFFE-43C3-866F-23E3563399B9}.Release|Any CPU.Build.0 = Release|Any CPU
	EndGlobalSection
	GlobalSection(SolutionProperties) = preSolution
		HideSolutionNode = FALSE
	EndGlobalSection
	GlobalSection(ExtensibilityGlobals) = postSolution
		SolutionGuid = {E82923CA-79F0-404C-91BD-5DFAC73C1BD3}
	EndGlobalSection
EndGlobal
